
Microsoft Visual Studio Solution File, Format Version 12.00
# Visual Studio Version 16
VisualStudioVersion = 16.0.29306.81
MinimumVisualStudioVersion = 10.0.40219.1
Project("{FAE04EC0-301F-11D3-BF4B-00C04F79EFBC}") = "KinectAndFSATester", "KinectAndFSATester\KinectAndFSATester.csproj", "{1560D17B-DC4F-4331-BE8D-292FA3187F84}"
EndProject
Global
	GlobalSection(SolutionConfigurationPlatforms) = preSolution
		Debug|Any CPU = Debug|Any CPU
		Debug|x64 = Debug|x64
		Release|Any CPU = Release|Any CPU
		Release|x64 = Release|x64
	EndGlobalSection
	GlobalSection(ProjectConfigurationPlatforms) = postSolution
		{1560D17B-DC4F-4331-BE8D-292FA3187F84}.Debug|Any CPU.ActiveCfg = Debug|Any CPU
		{1560D17B-DC4F-4331-BE8D-292FA3187F84}.Debug|Any CPU.Build.0 = Debug|Any CPU
		{1560D17B-DC4F-4331-BE8D-292FA3187F84}.Debug|x64.ActiveCfg = Debug|x64
		{1560D17B-DC4F-4331-BE8D-292FA3187F84}.Debug|x64.Build.0 = Debug|x64
		{1560D17B-DC4F-4331-BE8D-292FA3187F84}.Release|Any CPU.ActiveCfg = Release|Any CPU
		{1560D17B-DC4F-4331-BE8D-292FA3187F84}.Release|Any CPU.Build.0 = Release|Any CPU
		{1560D17B-DC4F-4331-BE8D-292FA3187F84}.Release|x64.ActiveCfg = Release|x64
		{1560D17B-DC4F-4331-BE8D-292FA3187F84}.Release|x64.Build.0 = Release|x64
	EndGlobalSection
	GlobalSection(SolutionProperties) = preSolution
		HideSolutionNode = FALSE
	EndGlobalSection
	GlobalSection(ExtensibilityGlobals) = postSolution
		SolutionGuid = {50714050-A89B-496A-8770-AA5D468E0CFB}
	EndGlobalSection
EndGlobal
