
Microsoft Visual Studio Solution File, Format Version 12.00
# Visual Studio Version 16
VisualStudioVersion = 16.0.29215.179
MinimumVisualStudioVersion = 10.0.40219.1
Project("{FAE04EC0-301F-11D3-BF4B-00C04F79EFBC}") = "FaceRecognitionTester", "FaceRecognitionTester\FaceRecognitionTester.csproj", "{13F4DC7D-B3E4-438F-9EE4-EC6BA4053619}"
EndProject
Global
	GlobalSection(SolutionConfigurationPlatforms) = preSolution
		Debug|Any CPU = Debug|Any CPU
		Debug|x64 = Debug|x64
		Release|Any CPU = Release|Any CPU
		Release|x64 = Release|x64
	EndGlobalSection
	GlobalSection(ProjectConfigurationPlatforms) = postSolution
		{13F4DC7D-B3E4-438F-9EE4-EC6BA4053619}.Debug|Any CPU.ActiveCfg = Debug|Any CPU
		{13F4DC7D-B3E4-438F-9EE4-EC6BA4053619}.Debug|Any CPU.Build.0 = Debug|Any CPU
		{13F4DC7D-B3E4-438F-9EE4-EC6BA4053619}.Debug|x64.ActiveCfg = Debug|x64
		{13F4DC7D-B3E4-438F-9EE4-EC6BA4053619}.Debug|x64.Build.0 = Debug|x64
		{13F4DC7D-B3E4-438F-9EE4-EC6BA4053619}.Release|Any CPU.ActiveCfg = Release|Any CPU
		{13F4DC7D-B3E4-438F-9EE4-EC6BA4053619}.Release|Any CPU.Build.0 = Release|Any CPU
		{13F4DC7D-B3E4-438F-9EE4-EC6BA4053619}.Release|x64.ActiveCfg = Release|x64
		{13F4DC7D-B3E4-438F-9EE4-EC6BA4053619}.Release|x64.Build.0 = Release|x64
	EndGlobalSection
	GlobalSection(SolutionProperties) = preSolution
		HideSolutionNode = FALSE
	EndGlobalSection
	GlobalSection(ExtensibilityGlobals) = postSolution
		SolutionGuid = {9652DDA0-5B9B-488D-8F7E-399F31CFA93A}
	EndGlobalSection
EndGlobal
